
Microsoft Visual Studio Solution File, Format Version 12.00
# Visual Studio Version 16
VisualStudioVersion = 16.0.31112.23
MinimumVisualStudioVersion = 10.0.40219.1
Project("{FAE04EC0-301F-11D3-BF4B-00C04F79EFBC}") = "ComtradeCustomerServiceWinFormsApplication", "ComtradeCustomerServiceWinFormsApplication\ComtradeCustomerServiceWinFormsApplication.csproj", "{8CAEFDBB-4523-4E6F-9419-C06ECC6F9AEF}"
EndProject
Project("{FAE04EC0-301F-11D3-BF4B-00C04F79EFBC}") = "CampaignContract", "CampaignContract\CampaignContract.csproj", "{8B7F7694-3889-4F5D-8B61-C5DFEDBE8913}"
EndProject
Global
	GlobalSection(SolutionConfigurationPlatforms) = preSolution
		Debug|Any CPU = Debug|Any CPU
		Release|Any CPU = Release|Any CPU
	EndGlobalSection
	GlobalSection(ProjectConfigurationPlatforms) = postSolution
		{8CAEFDBB-4523-4E6F-9419-C06ECC6F9AEF}.Debug|Any CPU.ActiveCfg = Debug|Any CPU
		{8CAEFDBB-4523-4E6F-9419-C06ECC6F9AEF}.Debug|Any CPU.Build.0 = Debug|Any CPU
		{8CAEFDBB-4523-4E6F-9419-C06ECC6F9AEF}.Release|Any CPU.ActiveCfg = Release|Any CPU
		{8CAEFDBB-4523-4E6F-9419-C06ECC6F9AEF}.Release|Any CPU.Build.0 = Release|Any CPU
		{8B7F7694-3889-4F5D-8B61-C5DFEDBE8913}.Debug|Any CPU.ActiveCfg = Debug|Any CPU
		{8B7F7694-3889-4F5D-8B61-C5DFEDBE8913}.Debug|Any CPU.Build.0 = Debug|Any CPU
		{8B7F7694-3889-4F5D-8B61-C5DFEDBE8913}.Release|Any CPU.ActiveCfg = Release|Any CPU
		{8B7F7694-3889-4F5D-8B61-C5DFEDBE8913}.Release|Any CPU.Build.0 = Release|Any CPU
	EndGlobalSection
	GlobalSection(SolutionProperties) = preSolution
		HideSolutionNode = FALSE
	EndGlobalSection
	GlobalSection(ExtensibilityGlobals) = postSolution
		SolutionGuid = {56C960AD-2C7E-4458-A960-8250ED6AFE3D}
	EndGlobalSection
EndGlobal
